
Microsoft Visual Studio Solution File, Format Version 12.00
# Visual Studio Version 17
VisualStudioVersion = 17.1.32319.34
MinimumVisualStudioVersion = 10.0.40219.1
Project("{9A19103F-16F7-4668-BE54-9A1E7A4F7556}") = "WookieBooks", "WookieBooks\WookieBooks.csproj", "{81CBD67E-B315-4698-A01A-9DFF9DCC2815}"
EndProject
Project("{FAE04EC0-301F-11D3-BF4B-00C04F79EFBC}") = "WookieBooksTest", "WookieBooksTest\WookieBooksTest.csproj", "{9E789988-E356-4B24-A397-31FB81A6B6B4}"
EndProject
Global
	GlobalSection(SolutionConfigurationPlatforms) = preSolution
		Debug|Any CPU = Debug|Any CPU
		Release|Any CPU = Release|Any CPU
	EndGlobalSection
	GlobalSection(ProjectConfigurationPlatforms) = postSolution
		{81CBD67E-B315-4698-A01A-9DFF9DCC2815}.Debug|Any CPU.ActiveCfg = Debug|Any CPU
		{81CBD67E-B315-4698-A01A-9DFF9DCC2815}.Debug|Any CPU.Build.0 = Debug|Any CPU
		{81CBD67E-B315-4698-A01A-9DFF9DCC2815}.Release|Any CPU.ActiveCfg = Release|Any CPU
		{81CBD67E-B315-4698-A01A-9DFF9DCC2815}.Release|Any CPU.Build.0 = Release|Any CPU
		{9E789988-E356-4B24-A397-31FB81A6B6B4}.Debug|Any CPU.ActiveCfg = Debug|Any CPU
		{9E789988-E356-4B24-A397-31FB81A6B6B4}.Debug|Any CPU.Build.0 = Debug|Any CPU
		{9E789988-E356-4B24-A397-31FB81A6B6B4}.Release|Any CPU.ActiveCfg = Release|Any CPU
		{9E789988-E356-4B24-A397-31FB81A6B6B4}.Release|Any CPU.Build.0 = Release|Any CPU
	EndGlobalSection
	GlobalSection(SolutionProperties) = preSolution
		HideSolutionNode = FALSE
	EndGlobalSection
	GlobalSection(ExtensibilityGlobals) = postSolution
		SolutionGuid = {0EE15CD1-5772-4379-9791-7CD5A9133147}
	EndGlobalSection
EndGlobal
